<?xml version="1.0" encoding="utf-8"?>
<Project ToolsVersion="4.0" xmlns="http://schemas.microsoft.com/developer/msbuild/2003">
  <ItemGroup>
    <ClCompile Include="Main.cpp" />
    <ClCompile Include="AxleCounter.cpp" />
    <ClCompile Include="Display.cpp" />
    <ClCompile Include="WiringPiExt.cpp" />
    <ClCompile Include="Timer.cpp" />
  </ItemGroup>
  <ItemGroup>
    <Filter Include="Headers">
      <UniqueIdentifier>{44092a73-9085-4f01-83b2-de9361e6c89f}</UniqueIdentifier>
    </Filter>
  </ItemGroup>
  <ItemGroup>
    <ClInclude Include="Headers\Display.h">
      <Filter>Headers</Filter>
    </ClInclude>
    <ClInclude Include="Headers\AxleCounter.h">
      <Filter>Headers</Filter>
    </ClInclude>
    <ClInclude Include="Headers\WiringPiExt.h">
      <Filter>Headers</Filter>
    </ClInclude>
    <ClInclude Include="Headers\Timer.h">
      <Filter>Headers</Filter>
    </ClInclude>
    <ClInclude Include="Headers\StopWatch.h">
      <Filter>Headers</Filter>
    </ClInclude>
  </ItemGroup>
</Project>